
Microsoft Visual Studio Solution File, Format Version 12.00
# Visual Studio Version 16
VisualStudioVersion = 16.0.30611.23
MinimumVisualStudioVersion = 10.0.40219.1
Project("{8BC9CEB8-8B4A-11D0-8D11-00A0C91BC942}") = "Reverse", "Reverse.vcxproj", "{3753C800-9110-4FB8-9062-5DC4E22FF6DE}"
EndProject
Global
	GlobalSection(SolutionConfigurationPlatforms) = preSolution
		Debug|x64 = Debug|x64
		Debug|x86 = Debug|x86
		Release|x64 = Release|x64
		Release|x86 = Release|x86
	EndGlobalSection
	GlobalSection(ProjectConfigurationPlatforms) = postSolution
		{3753C800-9110-4FB8-9062-5DC4E22FF6DE}.Debug|x64.ActiveCfg = Debug|x64
		{3753C800-9110-4FB8-9062-5DC4E22FF6DE}.Debug|x64.Build.0 = Debug|x64
		{3753C800-9110-4FB8-9062-5DC4E22FF6DE}.Debug|x86.ActiveCfg = Debug|Win32
		{3753C800-9110-4FB8-9062-5DC4E22FF6DE}.Debug|x86.Build.0 = Debug|Win32
		{3753C800-9110-4FB8-9062-5DC4E22FF6DE}.Release|x64.ActiveCfg = Release|x64
		{3753C800-9110-4FB8-9062-5DC4E22FF6DE}.Release|x64.Build.0 = Release|x64
		{3753C800-9110-4FB8-9062-5DC4E22FF6DE}.Release|x86.ActiveCfg = Release|Win32
		{3753C800-9110-4FB8-9062-5DC4E22FF6DE}.Release|x86.Build.0 = Release|Win32
	EndGlobalSection
	GlobalSection(SolutionProperties) = preSolution
		HideSolutionNode = FALSE
	EndGlobalSection
	GlobalSection(ExtensibilityGlobals) = postSolution
		SolutionGuid = {9E8A423B-6146-48DF-B1EF-6784EC56BA36}
	EndGlobalSection
EndGlobal
